git.jlel.se/jlelse/go-geouri v0.0.0-20210525190615-a9c1d50f42d6 h1:d7k1NKd9fr+Eq7EtUrqUly+HDqDzpx9T9v8Gl2jJvpo=
git.jlel.se/jlelse/go-geouri v0.0.0-20210525190615-a9c1d50f42d6/go.mod h1:eKL81ZHiGWZ4cdv9MI0ADmPiG9p0C+ajkSldNTr2ftQ=
github.com/paulmach/go.geojson v1.5.0 h1:7mhpMK89SQdHFcEGomT7/LuJhwhEgfmpWYVlVmLEdQw=
github.com/paulmach/go.geojson v1.5.0/go.mod h1:DgdUy2rRVDDVgKqrjMe2vZAHMfhDTrjVKt3LmHIXGbU=
